{
  "projects": [
    {
      "projectId": "seaQhLVS4bbjiGvJJrRwyL",
      "version": "15.0.3",
      "dependencies": {},
      "lang": "ts",
      "fileLocks": [
        {
          "assetId": "seaQhLVS4bbjiGvJJrRwyL",
          "type": "projectCss",
          "checksum": "8b140f54acb9f4aedf0b769d566851ea"
        }
      ],
      "codegenVersion": "0.0.1"
    },
    {
      "projectId": "jyncrcExmd4vsfVgQ1hNS1",
      "version": "latest",
      "dependencies": {
        "seaQhLVS4bbjiGvJJrRwyL": "15.0.3"
      },
      "lang": "ts",
      "fileLocks": [
        {
          "type": "globalVariant",
          "assetId": "ic8sJnshfjSW",
          "checksum": "fb8f2a872843cad12b3a24f73f7dc305"
        },
        {
          "assetId": "jyncrcExmd4vsfVgQ1hNS1",
          "type": "projectCss",
          "checksum": "f5008493aba6b415310ee4b86526cba6"
        },
        {
          "type": "renderModule",
          "assetId": "K6v-ffSzsXvL",
          "checksum": "1e09664949b21363139494637d1cd1c6"
        },
        {
          "type": "cssRules",
          "assetId": "K6v-ffSzsXvL",
          "checksum": "1e09664949b21363139494637d1cd1c6"
        },
        {
          "type": "renderModule",
          "assetId": "_3jQeX4F6XBt",
          "checksum": "083eb5b8604f2c10398ca51cd25954a5"
        },
        {
          "type": "cssRules",
          "assetId": "_3jQeX4F6XBt",
          "checksum": "083eb5b8604f2c10398ca51cd25954a5"
        },
        {
          "type": "renderModule",
          "assetId": "5LfpYpAFTDMw",
          "checksum": "fe161707b0b973360c7de722d76f695e"
        },
        {
          "type": "cssRules",
          "assetId": "5LfpYpAFTDMw",
          "checksum": "fe161707b0b973360c7de722d76f695e"
        },
        {
          "type": "renderModule",
          "assetId": "2cSPlMDBh4xj",
          "checksum": "a799c5b96d6e22ce7844300835559441"
        },
        {
          "type": "cssRules",
          "assetId": "2cSPlMDBh4xj",
          "checksum": "a799c5b96d6e22ce7844300835559441"
        },
        {
          "type": "renderModule",
          "assetId": "UKuVUottRK3Z",
          "checksum": "01519edfedcffc4f4d001098695b577c"
        },
        {
          "type": "cssRules",
          "assetId": "UKuVUottRK3Z",
          "checksum": "01519edfedcffc4f4d001098695b577c"
        },
        {
          "type": "renderModule",
          "assetId": "ykQgKfXsK1jI",
          "checksum": "c498cd397e8f7ffa2e5e0b6f1aec9a7f"
        },
        {
          "type": "cssRules",
          "assetId": "ykQgKfXsK1jI",
          "checksum": "c498cd397e8f7ffa2e5e0b6f1aec9a7f"
        },
        {
          "type": "renderModule",
          "assetId": "A1xNMRhsziYF",
          "checksum": "0800d20d0e2f03a742f7884b6b60399c"
        },
        {
          "type": "cssRules",
          "assetId": "A1xNMRhsziYF",
          "checksum": "0800d20d0e2f03a742f7884b6b60399c"
        },
        {
          "type": "renderModule",
          "assetId": "tAIYu5UZRBll",
          "checksum": "2047510f1feb19c08b1597e84d39e617"
        },
        {
          "type": "cssRules",
          "assetId": "tAIYu5UZRBll",
          "checksum": "2047510f1feb19c08b1597e84d39e617"
        },
        {
          "type": "renderModule",
          "assetId": "uJVtfnPgHos8",
          "checksum": "25b4fe1608d90daf9869cb8edd521796"
        },
        {
          "type": "cssRules",
          "assetId": "uJVtfnPgHos8",
          "checksum": "25b4fe1608d90daf9869cb8edd521796"
        },
        {
          "type": "renderModule",
          "assetId": "qSeTeuEO5Gvn",
          "checksum": "9446a14046a71bf94cd207f6e86879c0"
        },
        {
          "type": "cssRules",
          "assetId": "qSeTeuEO5Gvn",
          "checksum": "9446a14046a71bf94cd207f6e86879c0"
        },
        {
          "type": "renderModule",
          "assetId": "k8FvLYW1Nwx8",
          "checksum": "bab2237697889f93858c606738e84376"
        },
        {
          "type": "cssRules",
          "assetId": "k8FvLYW1Nwx8",
          "checksum": "bab2237697889f93858c606738e84376"
        },
        {
          "type": "renderModule",
          "assetId": "LQlWPPLDikt_",
          "checksum": "47712169fe83067d48e8b25cc695b4e4"
        },
        {
          "type": "cssRules",
          "assetId": "LQlWPPLDikt_",
          "checksum": "47712169fe83067d48e8b25cc695b4e4"
        },
        {
          "type": "icon",
          "assetId": "mz-19RsO1X4i",
          "checksum": "38c26c54fc2ac7373e42532d9d73001d"
        },
        {
          "type": "icon",
          "assetId": "3GADTMrqwKKu",
          "checksum": "815c3da5f579ea25b3588de6119a902f"
        },
        {
          "type": "icon",
          "assetId": "DsdQ08mwjalU",
          "checksum": "21cafcd39da0fee57c9b5397ab6d91d7"
        },
        {
          "type": "icon",
          "assetId": "6lV1qlKHT5rk",
          "checksum": "62c27230ee6fd7ab8b724041f032f571"
        },
        {
          "type": "icon",
          "assetId": "aiM_s93WlEsm",
          "checksum": "8edb64695f128b686ea9270e416d6adb"
        },
        {
          "type": "icon",
          "assetId": "s-AMxBOnAQKu",
          "checksum": "168e66ba2793cd7c0a57b2fb775ea596"
        },
        {
          "type": "icon",
          "assetId": "qB_CLnw3KXOr",
          "checksum": "8e74543966b78a594503e42ac139a991"
        },
        {
          "type": "icon",
          "assetId": "zIrsHbzF6QVu",
          "checksum": "12a7e999623a52cb116f1e6dd8edcd28"
        },
        {
          "type": "icon",
          "assetId": "VLwd3-b79KHQ",
          "checksum": "983f3beedd9d6e4850085a5e43413a70"
        },
        {
          "type": "icon",
          "assetId": "CJlPY4CX3NIL",
          "checksum": "bef97c48811527839a7dcda4b81ded7d"
        },
        {
          "type": "icon",
          "assetId": "bSRbjtMHQS-S",
          "checksum": "2c9f86e22028055410a376dc635d059c"
        },
        {
          "type": "icon",
          "assetId": "CrnnCWF65vEL",
          "checksum": "4aededeb4a4b29e3e85e10d2c1d69934"
        },
        {
          "type": "icon",
          "assetId": "_NGs73xW8bIi",
          "checksum": "aa197949c55367eca8eec1bf67422f8b"
        },
        {
          "type": "icon",
          "assetId": "XFyaDDFhsSLc",
          "checksum": "c733b51e56ae4b30c484eb24bafb13cc"
        },
        {
          "type": "icon",
          "assetId": "mIo2eA2baS5F",
          "checksum": "8debfa163d092a71b5997128525ec4e2"
        },
        {
          "type": "icon",
          "assetId": "YZqY6_2geyr2",
          "checksum": "ab908f27321dcbb3b6c3f6bff55b2eb5"
        },
        {
          "type": "icon",
          "assetId": "MjmKHrwgZZET",
          "checksum": "e9ebd4a1d2094ac5ec80f0bfad8530d6"
        },
        {
          "type": "icon",
          "assetId": "ZcCZyBPNXlP7",
          "checksum": "54c70274d8b9a26bd4b334d078d673c0"
        },
        {
          "type": "icon",
          "assetId": "3s7TwSnzoI2p",
          "checksum": "e2db09506251821fcec73909d53364c5"
        },
        {
          "type": "icon",
          "assetId": "8LmXamP3PB2B",
          "checksum": "7574d2b83cfc61c35946dcd21aba93e4"
        },
        {
          "type": "icon",
          "assetId": "hD5N-_tHxt4j",
          "checksum": "e58dedda288e1bf073453424522b0413"
        },
        {
          "type": "icon",
          "assetId": "WGy6AMG5b5p_",
          "checksum": "e51bf37e31a21fb42a89ed6d54571218"
        },
        {
          "type": "icon",
          "assetId": "daVZAlYnKUB4",
          "checksum": "5cfba162359fa32f431577aa20fd19a3"
        },
        {
          "type": "icon",
          "assetId": "Qpx_y_IJa0Q_",
          "checksum": "b448dd44a68dfb8328c7eea72a8c686c"
        },
        {
          "type": "image",
          "assetId": "RLmVrnmLbSNG",
          "checksum": "f7ad9b5d46644bba8f285f84909d39a0"
        },
        {
          "type": "image",
          "assetId": "0_LYIr0YIkfv",
          "checksum": "ae89179dbf1aac36eb6727d8cc3201f7"
        },
        {
          "type": "image",
          "assetId": "fKe06IKopjFB",
          "checksum": "3d145e3175c85c93b2cc9bdc1c1be753"
        },
        {
          "type": "image",
          "assetId": "GyCKRdoXpoXd",
          "checksum": "a284988ddeedc14d2648f349b4fe84de"
        },
        {
          "type": "image",
          "assetId": "tjqHiJ4g276k",
          "checksum": "7b3f1a2552556bbd15e5ef8c67be8042"
        },
        {
          "type": "image",
          "assetId": "94Bs_29wXYQs",
          "checksum": "a4dc3c83d51d9c9e594ece6099b71ef1"
        },
        {
          "type": "image",
          "assetId": "jCagULZuAW6s",
          "checksum": "2e5e59e2031d1802b0c2c93ec331b425"
        },
        {
          "type": "image",
          "assetId": "NoEFEBejNPyq",
          "checksum": "a2f32a0a7ed7d9077b9a6f2f18493815"
        },
        {
          "type": "image",
          "assetId": "mympk6iJC_KE",
          "checksum": "53b7b8629de7c861a52e927e178a5c85"
        },
        {
          "type": "image",
          "assetId": "Qfq2jWOaQe9w",
          "checksum": "517716512911ebbda289b36b4cb359e2"
        },
        {
          "type": "image",
          "assetId": "ANB-zq5G-tF-",
          "checksum": "8579258c5ac57025c147ffac183a91f0"
        },
        {
          "type": "image",
          "assetId": "eKt7cf86vkmz",
          "checksum": "ac2edf330247cb34299cc31bfa2db9c0"
        },
        {
          "type": "image",
          "assetId": "RdTGn-OOP4Df",
          "checksum": "b6b855d30614fdac0fb8b973a51096c8"
        },
        {
          "type": "image",
          "assetId": "6K2mTykpeJb0",
          "checksum": "24f0b1dfb85025012e44f2d52aefebe5"
        },
        {
          "type": "image",
          "assetId": "Ixar8r-5-_rV",
          "checksum": "bc39d4ebbfbe21f4636f7f7a8fead02e"
        },
        {
          "type": "image",
          "assetId": "vJhSj49G9X3B",
          "checksum": "491b317c8a2aa75d976178d75298fc39"
        },
        {
          "type": "image",
          "assetId": "OnGG1Z-ghwh0",
          "checksum": "29f7772e29353eae0401f1b46a072e27"
        },
        {
          "type": "image",
          "assetId": "-SGge5cbO7yy",
          "checksum": "65ff43a9850fa98c301564f049461b47"
        },
        {
          "type": "image",
          "assetId": "wci1sf76TynJ",
          "checksum": "8ee42c18827aa0e749e6fe35ddfbfd17"
        },
        {
          "type": "image",
          "assetId": "utbM1Se-KYov",
          "checksum": "f560593bbd637b7b7924e2da6e510d21"
        },
        {
          "type": "image",
          "assetId": "yyVaESImddY7",
          "checksum": "6839f94d3be181faf24165cbae346bf0"
        },
        {
          "type": "image",
          "assetId": "THE_IpZTMcNE",
          "checksum": "32e9d0bbd7ddb41750b5169ecf136271"
        },
        {
          "type": "image",
          "assetId": "q4LDgKNZ_mfg",
          "checksum": "d7d65f62dc565337dd5f9a1cc39a30c6"
        },
        {
          "type": "image",
          "assetId": "6qMvhFWZS2ds",
          "checksum": "74c056e8124fe8d0c50bbff908532107"
        },
        {
          "type": "image",
          "assetId": "ki7AogE7d4TZ",
          "checksum": "1580dc674a69d8b80640d16f4e617029"
        },
        {
          "type": "image",
          "assetId": "tRiYm3Iqt8BF",
          "checksum": "7ab4ae8090efa156a32d0b5da03983b1"
        },
        {
          "type": "image",
          "assetId": "bIzGmqsHDyYG",
          "checksum": "3484f80f8013c599a2d498c0fbebf939"
        },
        {
          "type": "image",
          "assetId": "XWuyj2QNtv2M",
          "checksum": "7f749b95ef02b118a47df3564505554c"
        },
        {
          "type": "image",
          "assetId": "8QSKAPucclRT",
          "checksum": "61febf12833edf4b2548a34571eb5ecc"
        },
        {
          "type": "image",
          "assetId": "8cwlwwVMxt2N",
          "checksum": "4db0d88bfdd43c14e4fc2c60dcec8c77"
        },
        {
          "type": "image",
          "assetId": "7rLDyMir15ea",
          "checksum": "9da717e58039e2c072ea0cdf379af714"
        },
        {
          "type": "image",
          "assetId": "8gi7Bj2gamOw",
          "checksum": "165bb622b484e87a21697bdaf41ff06a"
        },
        {
          "type": "image",
          "assetId": "msgmo7honrgH",
          "checksum": "0c7712c78275c20de447fdf496be432d"
        },
        {
          "type": "image",
          "assetId": "LOeP50__ey6J",
          "checksum": "3e2a53c4ee063f15977f8ae29e813013"
        },
        {
          "type": "image",
          "assetId": "iA4uO7KXDm9p",
          "checksum": "0daba8ae6efbea3efb1e606b970c5532"
        },
        {
          "type": "image",
          "assetId": "s-I3cqhCQMeF",
          "checksum": "a3abf7aaaf0747c219e69df47db9caa1"
        },
        {
          "type": "image",
          "assetId": "TmCS2I5evdhv",
          "checksum": "2c0ce55c3d1bb67306d66e268de76945"
        },
        {
          "type": "image",
          "assetId": "Usy7nIVATWBN",
          "checksum": "f4e3e045232d95689c1dee590c5187ad"
        },
        {
          "type": "image",
          "assetId": "KmoaVrX_jXy2",
          "checksum": "3210ac6486e1a6409d0166621cd70e16"
        },
        {
          "type": "image",
          "assetId": "OZiU8W6hIQBt",
          "checksum": "697e98b3121e2ec9a4bc04ce9dc94cb2"
        },
        {
          "type": "image",
          "assetId": "28PFsaR7WzYv",
          "checksum": "bfd2e5a1b51057cabe344a683cabf9e5"
        },
        {
          "type": "image",
          "assetId": "54Ty1BAgX3ew",
          "checksum": "a9db058c07c28d3fb4c4987e1f69a72d"
        },
        {
          "type": "image",
          "assetId": "bbtpI6p50aVU",
          "checksum": "09750c4f6f2833f478f87af495ea8024"
        },
        {
          "type": "image",
          "assetId": "SE0jEiyj1Fy6",
          "checksum": "92495ea1a267c5404bf2eed1b67be711"
        },
        {
          "type": "image",
          "assetId": "hQhOoLpd7AtC",
          "checksum": "00b29bc9c7c7531df50f36c6069ec5a5"
        },
        {
          "type": "image",
          "assetId": "M0qAOhmPJnXN",
          "checksum": "6e8c7e7bdb5d31873562ac038ed20134"
        },
        {
          "type": "image",
          "assetId": "rMgFSsbnRAGI",
          "checksum": "5ef3c2c0b9e95323c07d24c874f2ef45"
        },
        {
          "type": "image",
          "assetId": "3aI7AqzgbL-1",
          "checksum": "78ffce5dae7f13d2db3667f62424447d"
        },
        {
          "type": "image",
          "assetId": "OhRB7XkH-zBI",
          "checksum": "f38e0ebe56dba40e44b73a57334b68b0"
        },
        {
          "type": "image",
          "assetId": "LP1oqZPyeu5t",
          "checksum": "222ea97fe3fb64e98458e5958d0da6f5"
        },
        {
          "type": "image",
          "assetId": "mvSK9DJI2CSC",
          "checksum": "af889d997713177107bba3913f0fae76"
        },
        {
          "type": "image",
          "assetId": "vIxBPTOqwogK",
          "checksum": "0da7b52af05bd4ede9b1200cfaf5b161"
        },
        {
          "type": "image",
          "assetId": "zjQgy-sXwYO8",
          "checksum": "6f28a197b3abf007fab686f280c9b8b7"
        },
        {
          "type": "image",
          "assetId": "VK20o1fCy82Y",
          "checksum": "aae4d17ddcec2c89a5ac43b3394bcceb"
        },
        {
          "type": "image",
          "assetId": "k3josYi6SAL7",
          "checksum": "3ec24803f4b8ad60de8b0b64da0f5948"
        },
        {
          "type": "image",
          "assetId": "IZtf-Py-sQR4",
          "checksum": "90d85bf53821eae1766327b5d2ca7287"
        },
        {
          "type": "image",
          "assetId": "GloIM-LjBdYt",
          "checksum": "b186b9832b0c85d43a1f66ea9fb58bbe"
        },
        {
          "type": "image",
          "assetId": "nxDORPEEvL_9",
          "checksum": "a9cff49d3e0513999274f4ff15ac0c3d"
        },
        {
          "type": "image",
          "assetId": "X_aZouLhsc6p",
          "checksum": "585d65faebf2dbb91020550111fdf346"
        },
        {
          "type": "image",
          "assetId": "Z8YJPx3TnO2N",
          "checksum": "bbfa77fc34df668f899d36fd5093a4b6"
        },
        {
          "type": "image",
          "assetId": "a7kw9z4DYxDo",
          "checksum": "62b5466d5a7e724e95cebe8fa5c31d79"
        },
        {
          "type": "image",
          "assetId": "3pLglnJh_avW",
          "checksum": "36f47dd010d4ad1acf7f0d3d0eb3fa3d"
        },
        {
          "type": "image",
          "assetId": "zZnKOs_vG7aD",
          "checksum": "69e2dcb87145ef5f5b26c0445fd8dfa1"
        },
        {
          "type": "image",
          "assetId": "cdh0wbEbsO7_",
          "checksum": "ade3d253808e7b86898d53a3dc60f4db"
        },
        {
          "type": "image",
          "assetId": "lISoxAph5TAt",
          "checksum": "3a1b70dd402f42eea6403e284b4d844d"
        },
        {
          "type": "image",
          "assetId": "NSToQIfbia1V",
          "checksum": "01d4a9bf88e5b11930a728faeeeb2cc9"
        }
      ],
      "codegenVersion": "0.0.1"
    }
  ],
  "cliVersion": "0.1.330"
}
